
Microsoft Visual Studio Solution File, Format Version 12.00
# Visual Studio 14
VisualStudioVersion = 14.0.22823.1
MinimumVisualStudioVersion = 10.0.40219.1
Project("{FAE04EC0-301F-11D3-BF4B-00C04F79EFBC}") = "Massive.Mathematics", "Massive.Mathematics\Massive.Mathematics.csproj", "{7F2BD5E9-4A54-45BA-96E1-ACD59C57005A}"
EndProject
Project("{FAE04EC0-301F-11D3-BF4B-00C04F79EFBC}") = "Massive.IO", "Massive.IO\Massive.IO.csproj", "{BC500F63-1CC8-4DEC-986F-C54E04C6BEC6}"
EndProject
Project("{FAE04EC0-301F-11D3-BF4B-00C04F79EFBC}") = "Massive", "Massive\Massive.csproj", "{2938A119-603D-4B97-8A20-26C8BF9497C2}"
EndProject
Project("{FAE04EC0-301F-11D3-BF4B-00C04F79EFBC}") = "Massive.Imaging", "Massive.Imaging\Massive.Imaging.csproj", "{D74D1DDC-9D0A-45AF-88DB-FFC7C80A0C92}"
EndProject
Project("{FAE04EC0-301F-11D3-BF4B-00C04F79EFBC}") = "Massive.Brains", "Massive.Brains\Massive.Brains.csproj", "{BE21C646-3A5F-4225-BF33-46C16E324D71}"
EndProject
Project("{FAE04EC0-301F-11D3-BF4B-00C04F79EFBC}") = "Massive.Evolution", "Massive.Evolution\Massive.Evolution.csproj", "{BA3DFB7A-FF9C-4462-8FEF-20D586D5FF2B}"
EndProject
Project("{FAE04EC0-301F-11D3-BF4B-00C04F79EFBC}") = "Massive.Audio", "Massive.Audio\Massive.Audio.csproj", "{81AE4388-7A9A-4555-A903-5265E55234B1}"
EndProject
Project("{FAE04EC0-301F-11D3-BF4B-00C04F79EFBC}") = "Massive.Audio.Music", "Massive.Audio.Music\Massive.Audio.Music.csproj", "{8264D151-7ABE-499E-B484-81157194A445}"
EndProject
Project("{FAE04EC0-301F-11D3-BF4B-00C04F79EFBC}") = "Massive.IO.Net", "Massive.IO.Net\Massive.IO.Net.csproj", "{426964BB-2003-4BE0-B111-E0A8FBC68464}"
EndProject
Project("{FAE04EC0-301F-11D3-BF4B-00C04F79EFBC}") = "Massive.Mathematics.Graphing", "Massive.Mathematics.Graphing\Massive.Mathematics.Graphing.csproj", "{DDA9EF6C-49BF-47B1-982A-C57641EFA324}"
EndProject
Global
	GlobalSection(SolutionConfigurationPlatforms) = preSolution
		Debug|Any CPU = Debug|Any CPU
		Release|Any CPU = Release|Any CPU
	EndGlobalSection
	GlobalSection(ProjectConfigurationPlatforms) = postSolution
		{7F2BD5E9-4A54-45BA-96E1-ACD59C57005A}.Debug|Any CPU.ActiveCfg = Debug|Any CPU
		{7F2BD5E9-4A54-45BA-96E1-ACD59C57005A}.Debug|Any CPU.Build.0 = Debug|Any CPU
		{7F2BD5E9-4A54-45BA-96E1-ACD59C57005A}.Release|Any CPU.ActiveCfg = Release|Any CPU
		{7F2BD5E9-4A54-45BA-96E1-ACD59C57005A}.Release|Any CPU.Build.0 = Release|Any CPU
		{BC500F63-1CC8-4DEC-986F-C54E04C6BEC6}.Debug|Any CPU.ActiveCfg = Debug|Any CPU
		{BC500F63-1CC8-4DEC-986F-C54E04C6BEC6}.Debug|Any CPU.Build.0 = Debug|Any CPU
		{BC500F63-1CC8-4DEC-986F-C54E04C6BEC6}.Release|Any CPU.ActiveCfg = Release|Any CPU
		{BC500F63-1CC8-4DEC-986F-C54E04C6BEC6}.Release|Any CPU.Build.0 = Release|Any CPU
		{2938A119-603D-4B97-8A20-26C8BF9497C2}.Debug|Any CPU.ActiveCfg = Debug|Any CPU
		{2938A119-603D-4B97-8A20-26C8BF9497C2}.Debug|Any CPU.Build.0 = Debug|Any CPU
		{2938A119-603D-4B97-8A20-26C8BF9497C2}.Release|Any CPU.ActiveCfg = Release|Any CPU
		{2938A119-603D-4B97-8A20-26C8BF9497C2}.Release|Any CPU.Build.0 = Release|Any CPU
		{D74D1DDC-9D0A-45AF-88DB-FFC7C80A0C92}.Debug|Any CPU.ActiveCfg = Debug|Any CPU
		{D74D1DDC-9D0A-45AF-88DB-FFC7C80A0C92}.Debug|Any CPU.Build.0 = Debug|Any CPU
		{D74D1DDC-9D0A-45AF-88DB-FFC7C80A0C92}.Release|Any CPU.ActiveCfg = Release|Any CPU
		{D74D1DDC-9D0A-45AF-88DB-FFC7C80A0C92}.Release|Any CPU.Build.0 = Release|Any CPU
		{BE21C646-3A5F-4225-BF33-46C16E324D71}.Debug|Any CPU.ActiveCfg = Debug|Any CPU
		{BE21C646-3A5F-4225-BF33-46C16E324D71}.Debug|Any CPU.Build.0 = Debug|Any CPU
		{BE21C646-3A5F-4225-BF33-46C16E324D71}.Release|Any CPU.ActiveCfg = Release|Any CPU
		{BE21C646-3A5F-4225-BF33-46C16E324D71}.Release|Any CPU.Build.0 = Release|Any CPU
		{BA3DFB7A-FF9C-4462-8FEF-20D586D5FF2B}.Debug|Any CPU.ActiveCfg = Debug|Any CPU
		{BA3DFB7A-FF9C-4462-8FEF-20D586D5FF2B}.Debug|Any CPU.Build.0 = Debug|Any CPU
		{BA3DFB7A-FF9C-4462-8FEF-20D586D5FF2B}.Release|Any CPU.ActiveCfg = Release|Any CPU
		{BA3DFB7A-FF9C-4462-8FEF-20D586D5FF2B}.Release|Any CPU.Build.0 = Release|Any CPU
		{81AE4388-7A9A-4555-A903-5265E55234B1}.Debug|Any CPU.ActiveCfg = Debug|Any CPU
		{81AE4388-7A9A-4555-A903-5265E55234B1}.Debug|Any CPU.Build.0 = Debug|Any CPU
		{81AE4388-7A9A-4555-A903-5265E55234B1}.Release|Any CPU.ActiveCfg = Release|Any CPU
		{81AE4388-7A9A-4555-A903-5265E55234B1}.Release|Any CPU.Build.0 = Release|Any CPU
		{8264D151-7ABE-499E-B484-81157194A445}.Debug|Any CPU.ActiveCfg = Debug|Any CPU
		{8264D151-7ABE-499E-B484-81157194A445}.Debug|Any CPU.Build.0 = Debug|Any CPU
		{8264D151-7ABE-499E-B484-81157194A445}.Release|Any CPU.ActiveCfg = Release|Any CPU
		{8264D151-7ABE-499E-B484-81157194A445}.Release|Any CPU.Build.0 = Release|Any CPU
		{426964BB-2003-4BE0-B111-E0A8FBC68464}.Debug|Any CPU.ActiveCfg = Debug|Any CPU
		{426964BB-2003-4BE0-B111-E0A8FBC68464}.Debug|Any CPU.Build.0 = Debug|Any CPU
		{426964BB-2003-4BE0-B111-E0A8FBC68464}.Release|Any CPU.ActiveCfg = Release|Any CPU
		{426964BB-2003-4BE0-B111-E0A8FBC68464}.Release|Any CPU.Build.0 = Release|Any CPU
		{DDA9EF6C-49BF-47B1-982A-C57641EFA324}.Debug|Any CPU.ActiveCfg = Debug|Any CPU
		{DDA9EF6C-49BF-47B1-982A-C57641EFA324}.Debug|Any CPU.Build.0 = Debug|Any CPU
		{DDA9EF6C-49BF-47B1-982A-C57641EFA324}.Release|Any CPU.ActiveCfg = Release|Any CPU
		{DDA9EF6C-49BF-47B1-982A-C57641EFA324}.Release|Any CPU.Build.0 = Release|Any CPU
	EndGlobalSection
	GlobalSection(SolutionProperties) = preSolution
		HideSolutionNode = FALSE
	EndGlobalSection
EndGlobal
